// !$*UTF8*$!
{
	archiveVersion = 1;
	classes = {
	};
	objectVersion = 55;
	objects = {

/* Begin PBXBuildFile section */
		23141676286C78E900D77854 /* SearchView.swift in Sources */ = {isa = PBXBuildFile; fileRef = 23141675286C78E900D77854 /* SearchView.swift */; };
		236B75F72869EB00009885DF /* SearchViewController.swift in Sources */ = {isa = PBXBuildFile; fileRef = 236B75F62869EB00009885DF /* SearchViewController.swift */; };
		236B75FB286B4569009885DF /* TreeCellType.swift in Sources */ = {isa = PBXBuildFile; fileRef = 236B75FA286B4568009885DF /* TreeCellType.swift */; };
		28C0B8EA2861E9F600F48FCA /* ViewCoding.swift in Sources */ = {isa = PBXBuildFile; fileRef = 28C0B8E92861E9F600F48FCA /* ViewCoding.swift */; };
		28C0B8ED2861EA2C00F48FCA /* UIKit+Extensions.swift in Sources */ = {isa = PBXBuildFile; fileRef = 28C0B8EC2861EA2C00F48FCA /* UIKit+Extensions.swift */; };
		28C0B8F12861EA8100F48FCA /* ExampleView.swift in Sources */ = {isa = PBXBuildFile; fileRef = 28C0B8F02861EA8100F48FCA /* ExampleView.swift */; };
		28C0B8F32861EA8E00F48FCA /* ExampleViewController.swift in Sources */ = {isa = PBXBuildFile; fileRef = 28C0B8F22861EA8E00F48FCA /* ExampleViewController.swift */; };
		28C0B8F52861F95200F48FCA /* UIColor+Extensions.swift in Sources */ = {isa = PBXBuildFile; fileRef = 28C0B8F42861F95200F48FCA /* UIColor+Extensions.swift */; };
		3F3EFDF428648EAD0093F657 /* Coder.swift in Sources */ = {isa = PBXBuildFile; fileRef = 3F3EFDF328648EAD0093F657 /* Coder.swift */; };
		3F3EFDF628648EC90093F657 /* Storable.swift in Sources */ = {isa = PBXBuildFile; fileRef = 3F3EFDF528648EC90093F657 /* Storable.swift */; };
		3F7E8FCA286204910057B59E /* Tree.swift in Sources */ = {isa = PBXBuildFile; fileRef = 3F7E8FC9286204910057B59E /* Tree.swift */; };
		3F7E8FCC2862054D0057B59E /* tree.json in Resources */ = {isa = PBXBuildFile; fileRef = 3F7E8FCB2862054D0057B59E /* tree.json */; };
		3FF4B60F28608DA800E3C0E5 /* AppDelegate.swift in Sources */ = {isa = PBXBuildFile; fileRef = 3FF4B60E28608DA800E3C0E5 /* AppDelegate.swift */; };
		3FF4B61128608DA800E3C0E5 /* SceneDelegate.swift in Sources */ = {isa = PBXBuildFile; fileRef = 3FF4B61028608DA800E3C0E5 /* SceneDelegate.swift */; };
		3FF4B61928608DA800E3C0E5 /* FreeTreeApp.xcdatamodeld in Sources */ = {isa = PBXBuildFile; fileRef = 3FF4B61728608DA800E3C0E5 /* FreeTreeApp.xcdatamodeld */; };
		3FF4B61B28608DAC00E3C0E5 /* Assets.xcassets in Resources */ = {isa = PBXBuildFile; fileRef = 3FF4B61A28608DAC00E3C0E5 /* Assets.xcassets */; };
		3FF4B61E28608DAC00E3C0E5 /* LaunchScreen.storyboard in Resources */ = {isa = PBXBuildFile; fileRef = 3FF4B61C28608DAC00E3C0E5 /* LaunchScreen.storyboard */; };
		732A94B72869D05B0097AFFA /* MapView.swift in Sources */ = {isa = PBXBuildFile; fileRef = 732A94B62869D05B0097AFFA /* MapView.swift */; };
		732A94B92869D0C10097AFFA /* MapViewController.swift in Sources */ = {isa = PBXBuildFile; fileRef = 732A94B82869D0C10097AFFA /* MapViewController.swift */; };
		AB4C0659B110DB0F1DB71F73 /* Pods_FreeTreeApp.framework in Frameworks */ = {isa = PBXBuildFile; fileRef = 55DD6D7363232430C92C35B0 /* Pods_FreeTreeApp.framework */; };
/* End PBXBuildFile section */

/* Begin PBXFileReference section */
		23141675286C78E900D77854 /* SearchView.swift */ = {isa = PBXFileReference; lastKnownFileType = sourcecode.swift; path = SearchView.swift; sourceTree = "<group>"; };
		236B75F62869EB00009885DF /* SearchViewController.swift */ = {isa = PBXFileReference; lastKnownFileType = sourcecode.swift; path = SearchViewController.swift; sourceTree = "<group>"; usesTabs = 0; };
		236B75FA286B4568009885DF /* TreeCellType.swift */ = {isa = PBXFileReference; lastKnownFileType = sourcecode.swift; path = TreeCellType.swift; sourceTree = "<group>"; };
		28C0B8E92861E9F600F48FCA /* ViewCoding.swift */ = {isa = PBXFileReference; lastKnownFileType = sourcecode.swift; path = ViewCoding.swift; sourceTree = "<group>"; };
		28C0B8EC2861EA2C00F48FCA /* UIKit+Extensions.swift */ = {isa = PBXFileReference; lastKnownFileType = sourcecode.swift; path = "UIKit+Extensions.swift"; sourceTree = "<group>"; };
		28C0B8F02861EA8100F48FCA /* ExampleView.swift */ = {isa = PBXFileReference; lastKnownFileType = sourcecode.swift; path = ExampleView.swift; sourceTree = "<group>"; };
		28C0B8F22861EA8E00F48FCA /* ExampleViewController.swift */ = {isa = PBXFileReference; lastKnownFileType = sourcecode.swift; path = ExampleViewController.swift; sourceTree = "<group>"; };
		28C0B8F42861F95200F48FCA /* UIColor+Extensions.swift */ = {isa = PBXFileReference; lastKnownFileType = sourcecode.swift; path = "UIColor+Extensions.swift"; sourceTree = "<group>"; };
		38E665DF6C09CD4071318ADA /* Pods-FreeTreeApp.release.xcconfig */ = {isa = PBXFileReference; includeInIndex = 1; lastKnownFileType = text.xcconfig; name = "Pods-FreeTreeApp.release.xcconfig"; path = "Target Support Files/Pods-FreeTreeApp/Pods-FreeTreeApp.release.xcconfig"; sourceTree = "<group>"; };
		3F3EFDF328648EAD0093F657 /* Coder.swift */ = {isa = PBXFileReference; lastKnownFileType = sourcecode.swift; path = Coder.swift; sourceTree = "<group>"; };
		3F3EFDF528648EC90093F657 /* Storable.swift */ = {isa = PBXFileReference; lastKnownFileType = sourcecode.swift; path = Storable.swift; sourceTree = "<group>"; };
		3F7E8FC9286204910057B59E /* Tree.swift */ = {isa = PBXFileReference; lastKnownFileType = sourcecode.swift; path = Tree.swift; sourceTree = "<group>"; };
		3F7E8FCB2862054D0057B59E /* tree.json */ = {isa = PBXFileReference; lastKnownFileType = text.json; path = tree.json; sourceTree = "<group>"; };
		3FF4B60B28608DA800E3C0E5 /* FreeTreeApp.app */ = {isa = PBXFileReference; explicitFileType = wrapper.application; includeInIndex = 0; path = FreeTreeApp.app; sourceTree = BUILT_PRODUCTS_DIR; };
		3FF4B60E28608DA800E3C0E5 /* AppDelegate.swift */ = {isa = PBXFileReference; lastKnownFileType = sourcecode.swift; path = AppDelegate.swift; sourceTree = "<group>"; };
		3FF4B61028608DA800E3C0E5 /* SceneDelegate.swift */ = {isa = PBXFileReference; lastKnownFileType = sourcecode.swift; path = SceneDelegate.swift; sourceTree = "<group>"; };
		3FF4B61828608DA800E3C0E5 /* FreeTreeApp.xcdatamodel */ = {isa = PBXFileReference; lastKnownFileType = wrapper.xcdatamodel; path = FreeTreeApp.xcdatamodel; sourceTree = "<group>"; };
		3FF4B61A28608DAC00E3C0E5 /* Assets.xcassets */ = {isa = PBXFileReference; lastKnownFileType = folder.assetcatalog; path = Assets.xcassets; sourceTree = "<group>"; };
		3FF4B61D28608DAC00E3C0E5 /* Base */ = {isa = PBXFileReference; lastKnownFileType = file.storyboard; name = Base; path = Base.lproj/LaunchScreen.storyboard; sourceTree = "<group>"; };
		3FF4B61F28608DAC00E3C0E5 /* Info.plist */ = {isa = PBXFileReference; lastKnownFileType = text.plist.xml; path = Info.plist; sourceTree = "<group>"; };
		55DD6D7363232430C92C35B0 /* Pods_FreeTreeApp.framework */ = {isa = PBXFileReference; explicitFileType = wrapper.framework; includeInIndex = 0; path = Pods_FreeTreeApp.framework; sourceTree = BUILT_PRODUCTS_DIR; };
		732A94B62869D05B0097AFFA /* MapView.swift */ = {isa = PBXFileReference; lastKnownFileType = sourcecode.swift; path = MapView.swift; sourceTree = "<group>"; };
		732A94B82869D0C10097AFFA /* MapViewController.swift */ = {isa = PBXFileReference; lastKnownFileType = sourcecode.swift; path = MapViewController.swift; sourceTree = "<group>"; };
		F12C4569DD3D0F4FF5BAE880 /* Pods-FreeTreeApp.debug.xcconfig */ = {isa = PBXFileReference; includeInIndex = 1; lastKnownFileType = text.xcconfig; name = "Pods-FreeTreeApp.debug.xcconfig"; path = "Target Support Files/Pods-FreeTreeApp/Pods-FreeTreeApp.debug.xcconfig"; sourceTree = "<group>"; };
/* End PBXFileReference section */

/* Begin PBXFrameworksBuildPhase section */
		3FF4B60828608DA800E3C0E5 /* Frameworks */ = {
			isa = PBXFrameworksBuildPhase;
			buildActionMask = 2147483647;
			files = (
				AB4C0659B110DB0F1DB71F73 /* Pods_FreeTreeApp.framework in Frameworks */,
			);
			runOnlyForDeploymentPostprocessing = 0;
		};
/* End PBXFrameworksBuildPhase section */

/* Begin PBXGroup section */
		236B75F52869EAD8009885DF /* SearchView */ = {
			isa = PBXGroup;
			children = (
				236B75F62869EB00009885DF /* SearchViewController.swift */,
				236B75FA286B4568009885DF /* TreeCellType.swift */,
				23141675286C78E900D77854 /* SearchView.swift */,
			);
			path = SearchView;
			sourceTree = "<group>";
		};
		28C0B8E82861E9DA00F48FCA /* Structure */ = {
			isa = PBXGroup;
			children = (
				28C0B8EB2861EA1000F48FCA /* Extensions */,
				28C0B8E92861E9F600F48FCA /* ViewCoding.swift */,
			);
			path = Structure;
			sourceTree = "<group>";
		};
		28C0B8EB2861EA1000F48FCA /* Extensions */ = {
			isa = PBXGroup;
			children = (
				28C0B8EC2861EA2C00F48FCA /* UIKit+Extensions.swift */,
				28C0B8F42861F95200F48FCA /* UIColor+Extensions.swift */,
			);
			path = Extensions;
			sourceTree = "<group>";
		};
		28C0B8EE2861EA6000F48FCA /* Presentation */ = {
			isa = PBXGroup;
			children = (
				236B75F52869EAD8009885DF /* SearchView */,
				732A94BA2869D0DB0097AFFA /* ViewMap */,
				28C0B8EF2861EA6E00F48FCA /* ExampleView */,
			);
			path = Presentation;
			sourceTree = "<group>";
		};
		28C0B8EF2861EA6E00F48FCA /* ExampleView */ = {
			isa = PBXGroup;
			children = (
				EEBD82DB286347A0006AE4FA /* Views */,
				28C0B8F22861EA8E00F48FCA /* ExampleViewController.swift */,
			);
			path = ExampleView;
			sourceTree = "<group>";
		};
		3F3EFDF228648C700093F657 /* Services */ = {
			isa = PBXGroup;
			children = (
				3F3EFDF328648EAD0093F657 /* Coder.swift */,
				3F3EFDF528648EC90093F657 /* Storable.swift */,
			);
			path = Services;
			sourceTree = "<group>";
		};
		3F7E8FC8286204810057B59E /* Data */ = {
			isa = PBXGroup;
			children = (
				3F3EFDF228648C700093F657 /* Services */,
				3F7E8FC9286204910057B59E /* Tree.swift */,
			);
			path = Data;
			sourceTree = "<group>";
		};
		3F8A78D9286203650034328F /* Model */ = {
			isa = PBXGroup;
			children = (
				3F7E8FC8286204810057B59E /* Data */,
			);
			path = Model;
			sourceTree = "<group>";
		};
		3FF4B60228608DA800E3C0E5 = {
			isa = PBXGroup;
			children = (
				3F7E8FCB2862054D0057B59E /* tree.json */,
				3FF4B60D28608DA800E3C0E5 /* FreeTreeApp */,
				3FF4B60C28608DA800E3C0E5 /* Products */,
				CF2BF96782CB5F94292B7F7D /* Pods */,
				86F68E218976289595452229 /* Frameworks */,
			);
			sourceTree = "<group>";
		};
		3FF4B60C28608DA800E3C0E5 /* Products */ = {
			isa = PBXGroup;
			children = (
				3FF4B60B28608DA800E3C0E5 /* FreeTreeApp.app */,
			);
			name = Products;
			sourceTree = "<group>";
		};
		3FF4B60D28608DA800E3C0E5 /* FreeTreeApp */ = {
			isa = PBXGroup;
			children = (
				3F8A78D9286203650034328F /* Model */,
				28C0B8EE2861EA6000F48FCA /* Presentation */,
				28C0B8E82861E9DA00F48FCA /* Structure */,
				3FF4B60E28608DA800E3C0E5 /* AppDelegate.swift */,
				3FF4B61028608DA800E3C0E5 /* SceneDelegate.swift */,
				3FF4B61A28608DAC00E3C0E5 /* Assets.xcassets */,
				3FF4B61C28608DAC00E3C0E5 /* LaunchScreen.storyboard */,
				3FF4B61F28608DAC00E3C0E5 /* Info.plist */,
				3FF4B61728608DA800E3C0E5 /* FreeTreeApp.xcdatamodeld */,
			);
			path = FreeTreeApp;
			sourceTree = "<group>";
		};
		732A94BA2869D0DB0097AFFA /* ViewMap */ = {
			isa = PBXGroup;
			children = (
				732A94B62869D05B0097AFFA /* MapView.swift */,
				732A94B82869D0C10097AFFA /* MapViewController.swift */,
			);
			path = ViewMap;
			sourceTree = "<group>";
		};
		86F68E218976289595452229 /* Frameworks */ = {
			isa = PBXGroup;
			children = (
				55DD6D7363232430C92C35B0 /* Pods_FreeTreeApp.framework */,
			);
			name = Frameworks;
			sourceTree = "<group>";
		};
		CF2BF96782CB5F94292B7F7D /* Pods */ = {
			isa = PBXGroup;
			children = (
				F12C4569DD3D0F4FF5BAE880 /* Pods-FreeTreeApp.debug.xcconfig */,
				38E665DF6C09CD4071318ADA /* Pods-FreeTreeApp.release.xcconfig */,
			);
			path = Pods;
			sourceTree = "<group>";
		};
		EEBD82DB286347A0006AE4FA /* Views */ = {
			isa = PBXGroup;
			children = (
				28C0B8F02861EA8100F48FCA /* ExampleView.swift */,
			);
			path = Views;
			sourceTree = "<group>";
		};
/* End PBXGroup section */

/* Begin PBXNativeTarget section */
		3FF4B60A28608DA800E3C0E5 /* FreeTreeApp */ = {
			isa = PBXNativeTarget;
			buildConfigurationList = 3FF4B62228608DAC00E3C0E5 /* Build configuration list for PBXNativeTarget "FreeTreeApp" */;
			buildPhases = (
				15F8C9EA772FC76C9F782E22 /* [CP] Check Pods Manifest.lock */,
				3FF4B60728608DA800E3C0E5 /* Sources */,
				3FF4B60828608DA800E3C0E5 /* Frameworks */,
				3FF4B60928608DA800E3C0E5 /* Resources */,
				3F88D19F286090EB002FB471 /* ShellScript */,
			);
			buildRules = (
			);
			dependencies = (
			);
			name = FreeTreeApp;
			productName = FreeTreeApp;
			productReference = 3FF4B60B28608DA800E3C0E5 /* FreeTreeApp.app */;
			productType = "com.apple.product-type.application";
		};
/* End PBXNativeTarget section */

/* Begin PBXProject section */
		3FF4B60328608DA800E3C0E5 /* Project object */ = {
			isa = PBXProject;
			attributes = {
				BuildIndependentTargetsInParallel = 1;
				LastSwiftUpdateCheck = 1340;
				LastUpgradeCheck = 1340;
				TargetAttributes = {
					3FF4B60A28608DA800E3C0E5 = {
						CreatedOnToolsVersion = 13.4.1;
					};
				};
			};
			buildConfigurationList = 3FF4B60628608DA800E3C0E5 /* Build configuration list for PBXProject "FreeTreeApp" */;
			compatibilityVersion = "Xcode 13.0";
			developmentRegion = en;
			hasScannedForEncodings = 0;
			knownRegions = (
				en,
				Base,
			);
			mainGroup = 3FF4B60228608DA800E3C0E5;
			productRefGroup = 3FF4B60C28608DA800E3C0E5 /* Products */;
			projectDirPath = "";
			projectRoot = "";
			targets = (
				3FF4B60A28608DA800E3C0E5 /* FreeTreeApp */,
			);
		};
/* End PBXProject section */

/* Begin PBXResourcesBuildPhase section */
		3FF4B60928608DA800E3C0E5 /* Resources */ = {
			isa = PBXResourcesBuildPhase;
			buildActionMask = 2147483647;
			files = (
				3FF4B61E28608DAC00E3C0E5 /* LaunchScreen.storyboard in Resources */,
				3FF4B61B28608DAC00E3C0E5 /* Assets.xcassets in Resources */,
				3F7E8FCC2862054D0057B59E /* tree.json in Resources */,
			);
			runOnlyForDeploymentPostprocessing = 0;
		};
/* End PBXResourcesBuildPhase section */

/* Begin PBXShellScriptBuildPhase section */
		15F8C9EA772FC76C9F782E22 /* [CP] Check Pods Manifest.lock */ = {
			isa = PBXShellScriptBuildPhase;
			buildActionMask = 2147483647;
			files = (
			);
			inputFileListPaths = (
			);
			inputPaths = (
				"${PODS_PODFILE_DIR_PATH}/Podfile.lock",
				"${PODS_ROOT}/Manifest.lock",
			);
			name = "[CP] Check Pods Manifest.lock";
			outputFileListPaths = (
			);
			outputPaths = (
				"$(DERIVED_FILE_DIR)/Pods-FreeTreeApp-checkManifestLockResult.txt",
			);
			runOnlyForDeploymentPostprocessing = 0;
			shellPath = /bin/sh;
			shellScript = "diff \"${PODS_PODFILE_DIR_PATH}/Podfile.lock\" \"${PODS_ROOT}/Manifest.lock\" > /dev/null\nif [ $? != 0 ] ; then\n    # print error to STDERR\n    echo \"error: The sandbox is not in sync with the Podfile.lock. Run 'pod install' or update your CocoaPods installation.\" >&2\n    exit 1\nfi\n# This output is used by Xcode 'outputs' to avoid re-running this script phase.\necho \"SUCCESS\" > \"${SCRIPT_OUTPUT_FILE_0}\"\n";
			showEnvVarsInLog = 0;
		};
		3F88D19F286090EB002FB471 /* ShellScript */ = {
			isa = PBXShellScriptBuildPhase;
			buildActionMask = 2147483647;
			files = (
			);
			inputFileListPaths = (
			);
			inputPaths = (
			);
			outputFileListPaths = (
			);
			outputPaths = (
			);
			runOnlyForDeploymentPostprocessing = 0;
			shellPath = /bin/sh;
			shellScript = "${PODS_ROOT}/SwiftLint/swiftlint autocorrect && ${PODS_ROOT}/SwiftLint/swiftlint\n";
		};
/* End PBXShellScriptBuildPhase section */

/* Begin PBXSourcesBuildPhase section */
		3FF4B60728608DA800E3C0E5 /* Sources */ = {
			isa = PBXSourcesBuildPhase;
			buildActionMask = 2147483647;
			files = (
				236B75F72869EB00009885DF /* SearchViewController.swift in Sources */,
				28C0B8F32861EA8E00F48FCA /* ExampleViewController.swift in Sources */,
				3FF4B60F28608DA800E3C0E5 /* AppDelegate.swift in Sources */,
				28C0B8ED2861EA2C00F48FCA /* UIKit+Extensions.swift in Sources */,
				3F3EFDF628648EC90093F657 /* Storable.swift in Sources */,
				3F7E8FCA286204910057B59E /* Tree.swift in Sources */,
				236B75FB286B4569009885DF /* TreeCellType.swift in Sources */,
				732A94B72869D05B0097AFFA /* MapView.swift in Sources */,
				732A94B92869D0C10097AFFA /* MapViewController.swift in Sources */,
				28C0B8F52861F95200F48FCA /* UIColor+Extensions.swift in Sources */,
				28C0B8EA2861E9F600F48FCA /* ViewCoding.swift in Sources */,
				3FF4B61128608DA800E3C0E5 /* SceneDelegate.swift in Sources */,
				23141676286C78E900D77854 /* SearchView.swift in Sources */,
				28C0B8F12861EA8100F48FCA /* ExampleView.swift in Sources */,
				3F3EFDF428648EAD0093F657 /* Coder.swift in Sources */,
				3FF4B61928608DA800E3C0E5 /* FreeTreeApp.xcdatamodeld in Sources */,
			);
			runOnlyForDeploymentPostprocessing = 0;
		};
/* End PBXSourcesBuildPhase section */

/* Begin PBXVariantGroup section */
		3FF4B61C28608DAC00E3C0E5 /* LaunchScreen.storyboard */ = {
			isa = PBXVariantGroup;
			children = (
				3FF4B61D28608DAC00E3C0E5 /* Base */,
			);
			name = LaunchScreen.storyboard;
			sourceTree = "<group>";
		};
/* End PBXVariantGroup section */

/* Begin XCBuildConfiguration section */
		3FF4B62028608DAC00E3C0E5 /* Debug */ = {
			isa = XCBuildConfiguration;
			buildSettings = {
				ALWAYS_SEARCH_USER_PATHS = NO;
				CLANG_ANALYZER_NONNULL = YES;
				CLANG_ANALYZER_NUMBER_OBJECT_CONVERSION = YES_AGGRESSIVE;
				CLANG_CXX_LANGUAGE_STANDARD = "gnu++17";
				CLANG_ENABLE_MODULES = YES;
				CLANG_ENABLE_OBJC_ARC = YES;
				CLANG_ENABLE_OBJC_WEAK = YES;
				CLANG_WARN_BLOCK_CAPTURE_AUTORELEASING = YES;
				CLANG_WARN_BOOL_CONVERSION = YES;
				CLANG_WARN_COMMA = YES;
				CLANG_WARN_CONSTANT_CONVERSION = YES;
				CLANG_WARN_DEPRECATED_OBJC_IMPLEMENTATIONS = YES;
				CLANG_WARN_DIRECT_OBJC_ISA_USAGE = YES_ERROR;
				CLANG_WARN_DOCUMENTATION_COMMENTS = YES;
				CLANG_WARN_EMPTY_BODY = YES;
				CLANG_WARN_ENUM_CONVERSION = YES;
				CLANG_WARN_INFINITE_RECURSION = YES;
				CLANG_WARN_INT_CONVERSION = YES;
				CLANG_WARN_NON_LITERAL_NULL_CONVERSION = YES;
				CLANG_WARN_OBJC_IMPLICIT_RETAIN_SELF = YES;
				CLANG_WARN_OBJC_LITERAL_CONVERSION = YES;
				CLANG_WARN_OBJC_ROOT_CLASS = YES_ERROR;
				CLANG_WARN_QUOTED_INCLUDE_IN_FRAMEWORK_HEADER = YES;
				CLANG_WARN_RANGE_LOOP_ANALYSIS = YES;
				CLANG_WARN_STRICT_PROTOTYPES = YES;
				CLANG_WARN_SUSPICIOUS_MOVE = YES;
				CLANG_WARN_UNGUARDED_AVAILABILITY = YES_AGGRESSIVE;
				CLANG_WARN_UNREACHABLE_CODE = YES;
				CLANG_WARN__DUPLICATE_METHOD_MATCH = YES;
				COPY_PHASE_STRIP = NO;
				DEBUG_INFORMATION_FORMAT = dwarf;
				ENABLE_STRICT_OBJC_MSGSEND = YES;
				ENABLE_TESTABILITY = YES;
				GCC_C_LANGUAGE_STANDARD = gnu11;
				GCC_DYNAMIC_NO_PIC = NO;
				GCC_NO_COMMON_BLOCKS = YES;
				GCC_OPTIMIZATION_LEVEL = 0;
				GCC_PREPROCESSOR_DEFINITIONS = (
					"DEBUG=1",
					"$(inherited)",
				);
				GCC_WARN_64_TO_32_BIT_CONVERSION = YES;
				GCC_WARN_ABOUT_RETURN_TYPE = YES_ERROR;
				GCC_WARN_UNDECLARED_SELECTOR = YES;
				GCC_WARN_UNINITIALIZED_AUTOS = YES_AGGRESSIVE;
				GCC_WARN_UNUSED_FUNCTION = YES;
				GCC_WARN_UNUSED_VARIABLE = YES;
				IPHONEOS_DEPLOYMENT_TARGET = 15.5;
				MTL_ENABLE_DEBUG_INFO = INCLUDE_SOURCE;
				MTL_FAST_MATH = YES;
				ONLY_ACTIVE_ARCH = YES;
				SDKROOT = iphoneos;
				SWIFT_ACTIVE_COMPILATION_CONDITIONS = DEBUG;
				SWIFT_OPTIMIZATION_LEVEL = "-Onone";
			};
			name = Debug;
		};
		3FF4B62128608DAC00E3C0E5 /* Release */ = {
			isa = XCBuildConfiguration;
			buildSettings = {
				ALWAYS_SEARCH_USER_PATHS = NO;
				CLANG_ANALYZER_NONNULL = YES;
				CLANG_ANALYZER_NUMBER_OBJECT_CONVERSION = YES_AGGRESSIVE;
				CLANG_CXX_LANGUAGE_STANDARD = "gnu++17";
				CLANG_ENABLE_MODULES = YES;
				CLANG_ENABLE_OBJC_ARC = YES;
				CLANG_ENABLE_OBJC_WEAK = YES;
				CLANG_WARN_BLOCK_CAPTURE_AUTORELEASING = YES;
				CLANG_WARN_BOOL_CONVERSION = YES;
				CLANG_WARN_COMMA = YES;
				CLANG_WARN_CONSTANT_CONVERSION = YES;
				CLANG_WARN_DEPRECATED_OBJC_IMPLEMENTATIONS = YES;
				CLANG_WARN_DIRECT_OBJC_ISA_USAGE = YES_ERROR;
				CLANG_WARN_DOCUMENTATION_COMMENTS = YES;
				CLANG_WARN_EMPTY_BODY = YES;
				CLANG_WARN_ENUM_CONVERSION = YES;
				CLANG_WARN_INFINITE_RECURSION = YES;
				CLANG_WARN_INT_CONVERSION = YES;
				CLANG_WARN_NON_LITERAL_NULL_CONVERSION = YES;
				CLANG_WARN_OBJC_IMPLICIT_RETAIN_SELF = YES;
				CLANG_WARN_OBJC_LITERAL_CONVERSION = YES;
				CLANG_WARN_OBJC_ROOT_CLASS = YES_ERROR;
				CLANG_WARN_QUOTED_INCLUDE_IN_FRAMEWORK_HEADER = YES;
				CLANG_WARN_RANGE_LOOP_ANALYSIS = YES;
				CLANG_WARN_STRICT_PROTOTYPES = YES;
				CLANG_WARN_SUSPICIOUS_MOVE = YES;
				CLANG_WARN_UNGUARDED_AVAILABILITY = YES_AGGRESSIVE;
				CLANG_WARN_UNREACHABLE_CODE = YES;
				CLANG_WARN__DUPLICATE_METHOD_MATCH = YES;
				COPY_PHASE_STRIP = NO;
				DEBUG_INFORMATION_FORMAT = "dwarf-with-dsym";
				ENABLE_NS_ASSERTIONS = NO;
				ENABLE_STRICT_OBJC_MSGSEND = YES;
				GCC_C_LANGUAGE_STANDARD = gnu11;
				GCC_NO_COMMON_BLOCKS = YES;
				GCC_WARN_64_TO_32_BIT_CONVERSION = YES;
				GCC_WARN_ABOUT_RETURN_TYPE = YES_ERROR;
				GCC_WARN_UNDECLARED_SELECTOR = YES;
				GCC_WARN_UNINITIALIZED_AUTOS = YES_AGGRESSIVE;
				GCC_WARN_UNUSED_FUNCTION = YES;
				GCC_WARN_UNUSED_VARIABLE = YES;
				IPHONEOS_DEPLOYMENT_TARGET = 15.5;
				MTL_ENABLE_DEBUG_INFO = NO;
				MTL_FAST_MATH = YES;
				SDKROOT = iphoneos;
				SWIFT_COMPILATION_MODE = wholemodule;
				SWIFT_OPTIMIZATION_LEVEL = "-O";
				VALIDATE_PRODUCT = YES;
			};
			name = Release;
		};
		3FF4B62328608DAC00E3C0E5 /* Debug */ = {
			isa = XCBuildConfiguration;
			baseConfigurationReference = F12C4569DD3D0F4FF5BAE880 /* Pods-FreeTreeApp.debug.xcconfig */;
			buildSettings = {
				ASSETCATALOG_COMPILER_APPICON_NAME = AppIcon;
				ASSETCATALOG_COMPILER_GLOBAL_ACCENT_COLOR_NAME = AccentColor;
				CODE_SIGN_STYLE = Automatic;
				CURRENT_PROJECT_VERSION = 1;
				DEVELOPMENT_TEAM = P952S3W7DW;
				GENERATE_INFOPLIST_FILE = YES;
				INFOPLIST_FILE = FreeTreeApp/Info.plist;
				INFOPLIST_KEY_UIApplicationSupportsIndirectInputEvents = YES;
				INFOPLIST_KEY_UILaunchStoryboardName = LaunchScreen;
				INFOPLIST_KEY_UISupportedInterfaceOrientations_iPad = "UIInterfaceOrientationPortrait UIInterfaceOrientationPortraitUpsideDown UIInterfaceOrientationLandscapeLeft UIInterfaceOrientationLandscapeRight";
				INFOPLIST_KEY_UISupportedInterfaceOrientations_iPhone = "UIInterfaceOrientationPortrait UIInterfaceOrientationLandscapeLeft UIInterfaceOrientationLandscapeRight";
				IPHONEOS_DEPLOYMENT_TARGET = 15.2;
				LD_RUNPATH_SEARCH_PATHS = (
					"$(inherited)",
					"@executable_path/Frameworks",
				);
				MARKETING_VERSION = 1.0;
				PRODUCT_BUNDLE_IDENTIFIER = Muelas.FreeTreeApp;
				PRODUCT_NAME = "$(TARGET_NAME)";
				SWIFT_EMIT_LOC_STRINGS = YES;
				SWIFT_VERSION = 5.0;
				TARGETED_DEVICE_FAMILY = 1;
			};
			name = Debug;
		};
		3FF4B62428608DAC00E3C0E5 /* Release */ = {
			isa = XCBuildConfiguration;
			baseConfigurationReference = 38E665DF6C09CD4071318ADA /* Pods-FreeTreeApp.release.xcconfig */;
			buildSettings = {
				ASSETCATALOG_COMPILER_APPICON_NAME = AppIcon;
				ASSETCATALOG_COMPILER_GLOBAL_ACCENT_COLOR_NAME = AccentColor;
				CODE_SIGN_STYLE = Automatic;
				CURRENT_PROJECT_VERSION = 1;
				DEVELOPMENT_TEAM = P952S3W7DW;
				GENERATE_INFOPLIST_FILE = YES;
				INFOPLIST_FILE = FreeTreeApp/Info.plist;
				INFOPLIST_KEY_UIApplicationSupportsIndirectInputEvents = YES;
				INFOPLIST_KEY_UILaunchStoryboardName = LaunchScreen;
				INFOPLIST_KEY_UISupportedInterfaceOrientations_iPad = "UIInterfaceOrientationPortrait UIInterfaceOrientationPortraitUpsideDown UIInterfaceOrientationLandscapeLeft UIInterfaceOrientationLandscapeRight";
				INFOPLIST_KEY_UISupportedInterfaceOrientations_iPhone = "UIInterfaceOrientationPortrait UIInterfaceOrientationLandscapeLeft UIInterfaceOrientationLandscapeRight";
				IPHONEOS_DEPLOYMENT_TARGET = 15.2;
				LD_RUNPATH_SEARCH_PATHS = (
					"$(inherited)",
					"@executable_path/Frameworks",
				);
				MARKETING_VERSION = 1.0;
				PRODUCT_BUNDLE_IDENTIFIER = Muelas.FreeTreeApp;
				PRODUCT_NAME = "$(TARGET_NAME)";
				SWIFT_EMIT_LOC_STRINGS = YES;
				SWIFT_VERSION = 5.0;
				TARGETED_DEVICE_FAMILY = 1;
			};
			name = Release;
		};
/* End XCBuildConfiguration section */

/* Begin XCConfigurationList section */
		3FF4B60628608DA800E3C0E5 /* Build configuration list for PBXProject "FreeTreeApp" */ = {
			isa = XCConfigurationList;
			buildConfigurations = (
				3FF4B62028608DAC00E3C0E5 /* Debug */,
				3FF4B62128608DAC00E3C0E5 /* Release */,
			);
			defaultConfigurationIsVisible = 0;
			defaultConfigurationName = Release;
		};
		3FF4B62228608DAC00E3C0E5 /* Build configuration list for PBXNativeTarget "FreeTreeApp" */ = {
			isa = XCConfigurationList;
			buildConfigurations = (
				3FF4B62328608DAC00E3C0E5 /* Debug */,
				3FF4B62428608DAC00E3C0E5 /* Release */,
			);
			defaultConfigurationIsVisible = 0;
			defaultConfigurationName = Release;
		};
/* End XCConfigurationList section */

/* Begin XCVersionGroup section */
		3FF4B61728608DA800E3C0E5 /* FreeTreeApp.xcdatamodeld */ = {
			isa = XCVersionGroup;
			children = (
				3FF4B61828608DA800E3C0E5 /* FreeTreeApp.xcdatamodel */,
			);
			currentVersion = 3FF4B61828608DA800E3C0E5 /* FreeTreeApp.xcdatamodel */;
			path = FreeTreeApp.xcdatamodeld;
			sourceTree = "<group>";
			versionGroupType = wrapper.xcdatamodel;
		};
/* End XCVersionGroup section */
	};
	rootObject = 3FF4B60328608DA800E3C0E5 /* Project object */;
}
